
Microsoft Visual Studio Solution File, Format Version 12.00
# Visual Studio 14
VisualStudioVersion = 14.0.25420.1
MinimumVisualStudioVersion = 10.0.40219.1
Project("{159641D6-6404-4A2A-AE62-294DE0FE8301}") = "getCSAlarmData", "getCSAlarmData\getCSAlarmData.dtproj", "{FA0903B2-CD25-4FC2-A1B4-A314FA3F5E75}"
EndProject
Global
	GlobalSection(SolutionConfigurationPlatforms) = preSolution
		Development|Default = Development|Default
	EndGlobalSection
	GlobalSection(ProjectConfigurationPlatforms) = postSolution
		{FA0903B2-CD25-4FC2-A1B4-A314FA3F5E75}.Development|Default.ActiveCfg = Development
		{FA0903B2-CD25-4FC2-A1B4-A314FA3F5E75}.Development|Default.Build.0 = Development
	EndGlobalSection
	GlobalSection(SolutionProperties) = preSolution
		HideSolutionNode = FALSE
	EndGlobalSection
EndGlobal
